// !$*UTF8*$!
{
	archiveVersion = 1;
	classes = {
	};
	objectVersion = 48;
	objects = {

/* Begin PBXBuildFile section */
		0A2AB9F720181D2900A2D29E /* AppDelegate.swift in Sources */ = {isa = PBXBuildFile; fileRef = 0A2AB9F620181D2900A2D29E /* AppDelegate.swift */; };
		0A2AB9F920181D2900A2D29E /* ViewController.swift in Sources */ = {isa = PBXBuildFile; fileRef = 0A2AB9F820181D2900A2D29E /* ViewController.swift */; };
		0A2AB9FC20181D2900A2D29E /* Main.storyboard in Resources */ = {isa = PBXBuildFile; fileRef = 0A2AB9FA20181D2900A2D29E /* Main.storyboard */; };
		0A2AB9FE20181D2900A2D29E /* Assets.xcassets in Resources */ = {isa = PBXBuildFile; fileRef = 0A2AB9FD20181D2900A2D29E /* Assets.xcassets */; };
		0A2ABA0120181D2900A2D29E /* LaunchScreen.storyboard in Resources */ = {isa = PBXBuildFile; fileRef = 0A2AB9FF20181D2900A2D29E /* LaunchScreen.storyboard */; };
		0A2ABA0C20181D2900A2D29E /* InstagramCloneTests.swift in Sources */ = {isa = PBXBuildFile; fileRef = 0A2ABA0B20181D2900A2D29E /* InstagramCloneTests.swift */; };
		0A2ABA1720181D2900A2D29E /* InstagramCloneUITests.swift in Sources */ = {isa = PBXBuildFile; fileRef = 0A2ABA1620181D2900A2D29E /* InstagramCloneUITests.swift */; };
/* End PBXBuildFile section */

/* Begin PBXContainerItemProxy section */
		0A2ABA0820181D2900A2D29E /* PBXContainerItemProxy */ = {
			isa = PBXContainerItemProxy;
			containerPortal = 0A2AB9EB20181D2900A2D29E /* Project object */;
			proxyType = 1;
			remoteGlobalIDString = 0A2AB9F220181D2900A2D29E;
			remoteInfo = InstagramClone;
		};
		0A2ABA1320181D2900A2D29E /* PBXContainerItemProxy */ = {
			isa = PBXContainerItemProxy;
			containerPortal = 0A2AB9EB20181D2900A2D29E /* Project object */;
			proxyType = 1;
			remoteGlobalIDString = 0A2AB9F220181D2900A2D29E;
			remoteInfo = InstagramClone;
		};
/* End PBXContainerItemProxy section */

/* Begin PBXFileReference section */
		0A2AB9F320181D2900A2D29E /* InstagramClone.app */ = {isa = PBXFileReference; explicitFileType = wrapper.application; includeInIndex = 0; path = InstagramClone.app; sourceTree = BUILT_PRODUCTS_DIR; };
		0A2AB9F620181D2900A2D29E /* AppDelegate.swift */ = {isa = PBXFileReference; lastKnownFileType = sourcecode.swift; path = AppDelegate.swift; sourceTree = "<group>"; };
		0A2AB9F820181D2900A2D29E /* ViewController.swift */ = {isa = PBXFileReference; lastKnownFileType = sourcecode.swift; path = ViewController.swift; sourceTree = "<group>"; };
		0A2AB9FB20181D2900A2D29E /* Base */ = {isa = PBXFileReference; lastKnownFileType = file.storyboard; name = Base; path = Base.lproj/Main.storyboard; sourceTree = "<group>"; };
		0A2AB9FD20181D2900A2D29E /* Assets.xcassets */ = {isa = PBXFileReference; lastKnownFileType = folder.assetcatalog; path = Assets.xcassets; sourceTree = "<group>"; };
		0A2ABA0020181D2900A2D29E /* Base */ = {isa = PBXFileReference; lastKnownFileType = file.storyboard; name = Base; path = Base.lproj/LaunchScreen.storyboard; sourceTree = "<group>"; };
		0A2ABA0220181D2900A2D29E /* Info.plist */ = {isa = PBXFileReference; lastKnownFileType = text.plist.xml; path = Info.plist; sourceTree = "<group>"; };
		0A2ABA0720181D2900A2D29E /* InstagramCloneTests.xctest */ = {isa = PBXFileReference; explicitFileType = wrapper.cfbundle; includeInIndex = 0; path = InstagramCloneTests.xctest; sourceTree = BUILT_PRODUCTS_DIR; };
		0A2ABA0B20181D2900A2D29E /* InstagramCloneTests.swift */ = {isa = PBXFileReference; lastKnownFileType = sourcecode.swift; path = InstagramCloneTests.swift; sourceTree = "<group>"; };
		0A2ABA0D20181D2900A2D29E /* Info.plist */ = {isa = PBXFileReference; lastKnownFileType = text.plist.xml; path = Info.plist; sourceTree = "<group>"; };
		0A2ABA1220181D2900A2D29E /* InstagramCloneUITests.xctest */ = {isa = PBXFileReference; explicitFileType = wrapper.cfbundle; includeInIndex = 0; path = InstagramCloneUITests.xctest; sourceTree = BUILT_PRODUCTS_DIR; };
		0A2ABA1620181D2900A2D29E /* InstagramCloneUITests.swift */ = {isa = PBXFileReference; lastKnownFileType = sourcecode.swift; path = InstagramCloneUITests.swift; sourceTree = "<group>"; };
		0A2ABA1820181D2900A2D29E /* Info.plist */ = {isa = PBXFileReference; lastKnownFileType = text.plist.xml; path = Info.plist; sourceTree = "<group>"; };
/* End PBXFileReference section */

/* Begin PBXFrameworksBuildPhase section */
		0A2AB9F020181D2900A2D29E /* Frameworks */ = {
			isa = PBXFrameworksBuildPhase;
			buildActionMask = 2147483647;
			files = (
			);
			runOnlyForDeploymentPostprocessing = 0;
		};
		0A2ABA0420181D2900A2D29E /* Frameworks */ = {
			isa = PBXFrameworksBuildPhase;
			buildActionMask = 2147483647;
			files = (
			);
			runOnlyForDeploymentPostprocessing = 0;
		};
		0A2ABA0F20181D2900A2D29E /* Frameworks */ = {
			isa = PBXFrameworksBuildPhase;
			buildActionMask = 2147483647;
			files = (
			);
			runOnlyForDeploymentPostprocessing = 0;
		};
/* End PBXFrameworksBuildPhase section */

/* Begin PBXGroup section */
		0A2AB9EA20181D2900A2D29E = {
			isa = PBXGroup;
			children = (
				0A2AB9F520181D2900A2D29E /* InstagramClone */,
				0A2ABA0A20181D2900A2D29E /* InstagramCloneTests */,
				0A2ABA1520181D2900A2D29E /* InstagramCloneUITests */,
				0A2AB9F420181D2900A2D29E /* Products */,
			);
			sourceTree = "<group>";
		};
		0A2AB9F420181D2900A2D29E /* Products */ = {
			isa = PBXGroup;
			children = (
				0A2AB9F320181D2900A2D29E /* InstagramClone.app */,
				0A2ABA0720181D2900A2D29E /* InstagramCloneTests.xctest */,
				0A2ABA1220181D2900A2D29E /* InstagramCloneUITests.xctest */,
			);
			name = Products;
			sourceTree = "<group>";
		};
		0A2AB9F520181D2900A2D29E /* InstagramClone */ = {
			isa = PBXGroup;
			children = (
				0A2AB9F620181D2900A2D29E /* AppDelegate.swift */,
				0A2AB9F820181D2900A2D29E /* ViewController.swift */,
				0A2AB9FA20181D2900A2D29E /* Main.storyboard */,
				0A2AB9FD20181D2900A2D29E /* Assets.xcassets */,
				0A2AB9FF20181D2900A2D29E /* LaunchScreen.storyboard */,
				0A2ABA0220181D2900A2D29E /* Info.plist */,
			);
			path = InstagramClone;
			sourceTree = "<group>";
		};
		0A2ABA0A20181D2900A2D29E /* InstagramCloneTests */ = {
			isa = PBXGroup;
			children = (
				0A2ABA0B20181D2900A2D29E /* InstagramCloneTests.swift */,
				0A2ABA0D20181D2900A2D29E /* Info.plist */,
			);
			path = InstagramCloneTests;
			sourceTree = "<group>";
		};
		0A2ABA1520181D2900A2D29E /* InstagramCloneUITests */ = {
			isa = PBXGroup;
			children = (
				0A2ABA1620181D2900A2D29E /* InstagramCloneUITests.swift */,
				0A2ABA1820181D2900A2D29E /* Info.plist */,
			);
			path = InstagramCloneUITests;
			sourceTree = "<group>";
		};
/* End PBXGroup section */

/* Begin PBXNativeTarget section */
		0A2AB9F220181D2900A2D29E /* InstagramClone */ = {
			isa = PBXNativeTarget;
			buildConfigurationList = 0A2ABA1B20181D2900A2D29E /* Build configuration list for PBXNativeTarget "InstagramClone" */;
			buildPhases = (
				0A2AB9EF20181D2900A2D29E /* Sources */,
				0A2AB9F020181D2900A2D29E /* Frameworks */,
				0A2AB9F120181D2900A2D29E /* Resources */,
			);
			buildRules = (
			);
			dependencies = (
			);
			name = InstagramClone;
			productName = InstagramClone;
			productReference = 0A2AB9F320181D2900A2D29E /* InstagramClone.app */;
			productType = "com.apple.product-type.application";
		};
		0A2ABA0620181D2900A2D29E /* InstagramCloneTests */ = {
			isa = PBXNativeTarget;
			buildConfigurationList = 0A2ABA1E20181D2900A2D29E /* Build configuration list for PBXNativeTarget "InstagramCloneTests" */;
			buildPhases = (
				0A2ABA0320181D2900A2D29E /* Sources */,
				0A2ABA0420181D2900A2D29E /* Frameworks */,
				0A2ABA0520181D2900A2D29E /* Resources */,
			);
			buildRules = (
			);
			dependencies = (
				0A2ABA0920181D2900A2D29E /* PBXTargetDependency */,
			);
			name = InstagramCloneTests;
			productName = InstagramCloneTests;
			productReference = 0A2ABA0720181D2900A2D29E /* InstagramCloneTests.xctest */;
			productType = "com.apple.product-type.bundle.unit-test";
		};
		0A2ABA1120181D2900A2D29E /* InstagramCloneUITests */ = {
			isa = PBXNativeTarget;
			buildConfigurationList = 0A2ABA2120181D2900A2D29E /* Build configuration list for PBXNativeTarget "InstagramCloneUITests" */;
			buildPhases = (
				0A2ABA0E20181D2900A2D29E /* Sources */,
				0A2ABA0F20181D2900A2D29E /* Frameworks */,
				0A2ABA1020181D2900A2D29E /* Resources */,
			);
			buildRules = (
			);
			dependencies = (
				0A2ABA1420181D2900A2D29E /* PBXTargetDependency */,
			);
			name = InstagramCloneUITests;
			productName = InstagramCloneUITests;
			productReference = 0A2ABA1220181D2900A2D29E /* InstagramCloneUITests.xctest */;
			productType = "com.apple.product-type.bundle.ui-testing";
		};
/* End PBXNativeTarget section */

/* Begin PBXProject section */
		0A2AB9EB20181D2900A2D29E /* Project object */ = {
			isa = PBXProject;
			attributes = {
				LastSwiftUpdateCheck = 0920;
				LastUpgradeCheck = 0920;
				ORGANIZATIONNAME = "Monthei Family MAC";
				TargetAttributes = {
					0A2AB9F220181D2900A2D29E = {
						CreatedOnToolsVersion = 9.2;
						ProvisioningStyle = Automatic;
					};
					0A2ABA0620181D2900A2D29E = {
						CreatedOnToolsVersion = 9.2;
						ProvisioningStyle = Automatic;
						TestTargetID = 0A2AB9F220181D2900A2D29E;
					};
					0A2ABA1120181D2900A2D29E = {
						CreatedOnToolsVersion = 9.2;
						ProvisioningStyle = Automatic;
						TestTargetID = 0A2AB9F220181D2900A2D29E;
					};
				};
			};
			buildConfigurationList = 0A2AB9EE20181D2900A2D29E /* Build configuration list for PBXProject "InstagramClone" */;
			compatibilityVersion = "Xcode 8.0";
			developmentRegion = en;
			hasScannedForEncodings = 0;
			knownRegions = (
				en,
				Base,
			);
			mainGroup = 0A2AB9EA20181D2900A2D29E;
			productRefGroup = 0A2AB9F420181D2900A2D29E /* Products */;
			projectDirPath = "";
			projectRoot = "";
			targets = (
				0A2AB9F220181D2900A2D29E /* InstagramClone */,
				0A2ABA0620181D2900A2D29E /* InstagramCloneTests */,
				0A2ABA1120181D2900A2D29E /* InstagramCloneUITests */,
			);
		};
/* End PBXProject section */

/* Begin PBXResourcesBuildPhase section */
		0A2AB9F120181D2900A2D29E /* Resources */ = {
			isa = PBXResourcesBuildPhase;
			buildActionMask = 2147483647;
			files = (
				0A2ABA0120181D2900A2D29E /* LaunchScreen.storyboard in Resources */,
				0A2AB9FE20181D2900A2D29E /* Assets.xcassets in Resources */,
				0A2AB9FC20181D2900A2D29E /* Main.storyboard in Resources */,
			);
			runOnlyForDeploymentPostprocessing = 0;
		};
		0A2ABA0520181D2900A2D29E /* Resources */ = {
			isa = PBXResourcesBuildPhase;
			buildActionMask = 2147483647;
			files = (
			);
			runOnlyForDeploymentPostprocessing = 0;
		};
		0A2ABA1020181D2900A2D29E /* Resources */ = {
			isa = PBXResourcesBuildPhase;
			buildActionMask = 2147483647;
			files = (
			);
			runOnlyForDeploymentPostprocessing = 0;
		};
/* End PBXResourcesBuildPhase section */

/* Begin PBXSourcesBuildPhase section */
		0A2AB9EF20181D2900A2D29E /* Sources */ = {
			isa = PBXSourcesBuildPhase;
			buildActionMask = 2147483647;
			files = (
				0A2AB9F920181D2900A2D29E /* ViewController.swift in Sources */,
				0A2AB9F720181D2900A2D29E /* AppDelegate.swift in Sources */,
			);
			runOnlyForDeploymentPostprocessing = 0;
		};
		0A2ABA0320181D2900A2D29E /* Sources */ = {
			isa = PBXSourcesBuildPhase;
			buildActionMask = 2147483647;
			files = (
				0A2ABA0C20181D2900A2D29E /* InstagramCloneTests.swift in Sources */,
			);
			runOnlyForDeploymentPostprocessing = 0;
		};
		0A2ABA0E20181D2900A2D29E /* Sources */ = {
			isa = PBXSourcesBuildPhase;
			buildActionMask = 2147483647;
			files = (
				0A2ABA1720181D2900A2D29E /* InstagramCloneUITests.swift in Sources */,
			);
			runOnlyForDeploymentPostprocessing = 0;
		};
/* End PBXSourcesBuildPhase section */

/* Begin PBXTargetDependency section */
		0A2ABA0920181D2900A2D29E /* PBXTargetDependency */ = {
			isa = PBXTargetDependency;
			target = 0A2AB9F220181D2900A2D29E /* InstagramClone */;
			targetProxy = 0A2ABA0820181D2900A2D29E /* PBXContainerItemProxy */;
		};
		0A2ABA1420181D2900A2D29E /* PBXTargetDependency */ = {
			isa = PBXTargetDependency;
			target = 0A2AB9F220181D2900A2D29E /* InstagramClone */;
			targetProxy = 0A2ABA1320181D2900A2D29E /* PBXContainerItemProxy */;
		};
/* End PBXTargetDependency section */

/* Begin PBXVariantGroup section */
		0A2AB9FA20181D2900A2D29E /* Main.storyboard */ = {
			isa = PBXVariantGroup;
			children = (
				0A2AB9FB20181D2900A2D29E /* Base */,
			);
			name = Main.storyboard;
			sourceTree = "<group>";
		};
		0A2AB9FF20181D2900A2D29E /* LaunchScreen.storyboard */ = {
			isa = PBXVariantGroup;
			children = (
				0A2ABA0020181D2900A2D29E /* Base */,
			);
			name = LaunchScreen.storyboard;
			sourceTree = "<group>";
		};
/* End PBXVariantGroup section */

/* Begin XCBuildConfiguration section */
		0A2ABA1920181D2900A2D29E /* Debug */ = {
			isa = XCBuildConfiguration;
			buildSettings = {
				ALWAYS_SEARCH_USER_PATHS = NO;
				CLANG_ANALYZER_NONNULL = YES;
				CLANG_ANALYZER_NUMBER_OBJECT_CONVERSION = YES_AGGRESSIVE;
				CLANG_CXX_LANGUAGE_STANDARD = "gnu++14";
				CLANG_CXX_LIBRARY = "libc++";
				CLANG_ENABLE_MODULES = YES;
				CLANG_ENABLE_OBJC_ARC = YES;
				CLANG_WARN_BLOCK_CAPTURE_AUTORELEASING = YES;
				CLANG_WARN_BOOL_CONVERSION = YES;
				CLANG_WARN_COMMA = YES;
				CLANG_WARN_CONSTANT_CONVERSION = YES;
				CLANG_WARN_DIRECT_OBJC_ISA_USAGE = YES_ERROR;
				CLANG_WARN_DOCUMENTATION_COMMENTS = YES;
				CLANG_WARN_EMPTY_BODY = YES;
				CLANG_WARN_ENUM_CONVERSION = YES;
				CLANG_WARN_INFINITE_RECURSION = YES;
				CLANG_WARN_INT_CONVERSION = YES;
				CLANG_WARN_NON_LITERAL_NULL_CONVERSION = YES;
				CLANG_WARN_OBJC_LITERAL_CONVERSION = YES;
				CLANG_WARN_OBJC_ROOT_CLASS = YES_ERROR;
				CLANG_WARN_RANGE_LOOP_ANALYSIS = YES;
				CLANG_WARN_STRICT_PROTOTYPES = YES;
				CLANG_WARN_SUSPICIOUS_MOVE = YES;
				CLANG_WARN_UNGUARDED_AVAILABILITY = YES_AGGRESSIVE;
				CLANG_WARN_UNREACHABLE_CODE = YES;
				CLANG_WARN__DUPLICATE_METHOD_MATCH = YES;
				CODE_SIGN_IDENTITY = "iPhone Developer";
				COPY_PHASE_STRIP = NO;
				DEBUG_INFORMATION_FORMAT = dwarf;
				ENABLE_STRICT_OBJC_MSGSEND = YES;
				ENABLE_TESTABILITY = YES;
				GCC_C_LANGUAGE_STANDARD = gnu11;
				GCC_DYNAMIC_NO_PIC = NO;
				GCC_NO_COMMON_BLOCKS = YES;
				GCC_OPTIMIZATION_LEVEL = 0;
				GCC_PREPROCESSOR_DEFINITIONS = (
					"DEBUG=1",
					"$(inherited)",
				);
				GCC_WARN_64_TO_32_BIT_CONVERSION = YES;
				GCC_WARN_ABOUT_RETURN_TYPE = YES_ERROR;
				GCC_WARN_UNDECLARED_SELECTOR = YES;
				GCC_WARN_UNINITIALIZED_AUTOS = YES_AGGRESSIVE;
				GCC_WARN_UNUSED_FUNCTION = YES;
				GCC_WARN_UNUSED_VARIABLE = YES;
				IPHONEOS_DEPLOYMENT_TARGET = 11.2;
				MTL_ENABLE_DEBUG_INFO = YES;
				ONLY_ACTIVE_ARCH = YES;
				SDKROOT = iphoneos;
				SWIFT_ACTIVE_COMPILATION_CONDITIONS = DEBUG;
				SWIFT_OPTIMIZATION_LEVEL = "-Onone";
			};
			name = Debug;
		};
		0A2ABA1A20181D2900A2D29E /* Release */ = {
			isa = XCBuildConfiguration;
			buildSettings = {
				ALWAYS_SEARCH_USER_PATHS = NO;
				CLANG_ANALYZER_NONNULL = YES;
				CLANG_ANALYZER_NUMBER_OBJECT_CONVERSION = YES_AGGRESSIVE;
				CLANG_CXX_LANGUAGE_STANDARD = "gnu++14";
				CLANG_CXX_LIBRARY = "libc++";
				CLANG_ENABLE_MODULES = YES;
				CLANG_ENABLE_OBJC_ARC = YES;
				CLANG_WARN_BLOCK_CAPTURE_AUTORELEASING = YES;
				CLANG_WARN_BOOL_CONVERSION = YES;
				CLANG_WARN_COMMA = YES;
				CLANG_WARN_CONSTANT_CONVERSION = YES;
				CLANG_WARN_DIRECT_OBJC_ISA_USAGE = YES_ERROR;
				CLANG_WARN_DOCUMENTATION_COMMENTS = YES;
				CLANG_WARN_EMPTY_BODY = YES;
				CLANG_WARN_ENUM_CONVERSION = YES;
				CLANG_WARN_INFINITE_RECURSION = YES;
				CLANG_WARN_INT_CONVERSION = YES;
				CLANG_WARN_NON_LITERAL_NULL_CONVERSION = YES;
				CLANG_WARN_OBJC_LITERAL_CONVERSION = YES;
				CLANG_WARN_OBJC_ROOT_CLASS = YES_ERROR;
				CLANG_WARN_RANGE_LOOP_ANALYSIS = YES;
				CLANG_WARN_STRICT_PROTOTYPES = YES;
				CLANG_WARN_SUSPICIOUS_MOVE = YES;
				CLANG_WARN_UNGUARDED_AVAILABILITY = YES_AGGRESSIVE;
				CLANG_WARN_UNREACHABLE_CODE = YES;
				CLANG_WARN__DUPLICATE_METHOD_MATCH = YES;
				CODE_SIGN_IDENTITY = "iPhone Developer";
				COPY_PHASE_STRIP = NO;
				DEBUG_INFORMATION_FORMAT = "dwarf-with-dsym";
				ENABLE_NS_ASSERTIONS = NO;
				ENABLE_STRICT_OBJC_MSGSEND = YES;
				GCC_C_LANGUAGE_STANDARD = gnu11;
				GCC_NO_COMMON_BLOCKS = YES;
				GCC_WARN_64_TO_32_BIT_CONVERSION = YES;
				GCC_WARN_ABOUT_RETURN_TYPE = YES_ERROR;
				GCC_WARN_UNDECLARED_SELECTOR = YES;
				GCC_WARN_UNINITIALIZED_AUTOS = YES_AGGRESSIVE;
				GCC_WARN_UNUSED_FUNCTION = YES;
				GCC_WARN_UNUSED_VARIABLE = YES;
				IPHONEOS_DEPLOYMENT_TARGET = 11.2;
				MTL_ENABLE_DEBUG_INFO = NO;
				SDKROOT = iphoneos;
				SWIFT_OPTIMIZATION_LEVEL = "-Owholemodule";
				VALIDATE_PRODUCT = YES;
			};
			name = Release;
		};
		0A2ABA1C20181D2900A2D29E /* Debug */ = {
			isa = XCBuildConfiguration;
			buildSettings = {
				ASSETCATALOG_COMPILER_APPICON_NAME = AppIcon;
				CODE_SIGN_STYLE = Automatic;
				INFOPLIST_FILE = InstagramClone/Info.plist;
				LD_RUNPATH_SEARCH_PATHS = "$(inherited) @executable_path/Frameworks";
				PRODUCT_BUNDLE_IDENTIFIER = com.MikeMonthei.InstagramClone;
				PRODUCT_NAME = "$(TARGET_NAME)";
				SWIFT_VERSION = 4.0;
				TARGETED_DEVICE_FAMILY = "1,2";
			};
			name = Debug;
		};
		0A2ABA1D20181D2900A2D29E /* Release */ = {
			isa = XCBuildConfiguration;
			buildSettings = {
				ASSETCATALOG_COMPILER_APPICON_NAME = AppIcon;
				CODE_SIGN_STYLE = Automatic;
				INFOPLIST_FILE = InstagramClone/Info.plist;
				LD_RUNPATH_SEARCH_PATHS = "$(inherited) @executable_path/Frameworks";
				PRODUCT_BUNDLE_IDENTIFIER = com.MikeMonthei.InstagramClone;
				PRODUCT_NAME = "$(TARGET_NAME)";
				SWIFT_VERSION = 4.0;
				TARGETED_DEVICE_FAMILY = "1,2";
			};
			name = Release;
		};
		0A2ABA1F20181D2900A2D29E /* Debug */ = {
			isa = XCBuildConfiguration;
			buildSettings = {
				ALWAYS_EMBED_SWIFT_STANDARD_LIBRARIES = YES;
				BUNDLE_LOADER = "$(TEST_HOST)";
				CODE_SIGN_STYLE = Automatic;
				INFOPLIST_FILE = InstagramCloneTests/Info.plist;
				LD_RUNPATH_SEARCH_PATHS = "$(inherited) @executable_path/Frameworks @loader_path/Frameworks";
				PRODUCT_BUNDLE_IDENTIFIER = com.MikeMonthei.InstagramCloneTests;
				PRODUCT_NAME = "$(TARGET_NAME)";
				SWIFT_VERSION = 4.0;
				TARGETED_DEVICE_FAMILY = "1,2";
				TEST_HOST = "$(BUILT_PRODUCTS_DIR)/InstagramClone.app/InstagramClone";
			};
			name = Debug;
		};
		0A2ABA2020181D2900A2D29E /* Release */ = {
			isa = XCBuildConfiguration;
			buildSettings = {
				ALWAYS_EMBED_SWIFT_STANDARD_LIBRARIES = YES;
				BUNDLE_LOADER = "$(TEST_HOST)";
				CODE_SIGN_STYLE = Automatic;
				INFOPLIST_FILE = InstagramCloneTests/Info.plist;
				LD_RUNPATH_SEARCH_PATHS = "$(inherited) @executable_path/Frameworks @loader_path/Frameworks";
				PRODUCT_BUNDLE_IDENTIFIER = com.MikeMonthei.InstagramCloneTests;
				PRODUCT_NAME = "$(TARGET_NAME)";
				SWIFT_VERSION = 4.0;
				TARGETED_DEVICE_FAMILY = "1,2";
				TEST_HOST = "$(BUILT_PRODUCTS_DIR)/InstagramClone.app/InstagramClone";
			};
			name = Release;
		};
		0A2ABA2220181D2900A2D29E /* Debug */ = {
			isa = XCBuildConfiguration;
			buildSettings = {
				ALWAYS_EMBED_SWIFT_STANDARD_LIBRARIES = YES;
				CODE_SIGN_STYLE = Automatic;
				INFOPLIST_FILE = InstagramCloneUITests/Info.plist;
				LD_RUNPATH_SEARCH_PATHS = "$(inherited) @executable_path/Frameworks @loader_path/Frameworks";
				PRODUCT_BUNDLE_IDENTIFIER = com.MikeMonthei.InstagramCloneUITests;
				PRODUCT_NAME = "$(TARGET_NAME)";
				SWIFT_VERSION = 4.0;
				TARGETED_DEVICE_FAMILY = "1,2";
				TEST_TARGET_NAME = InstagramClone;
			};
			name = Debug;
		};
		0A2ABA2320181D2900A2D29E /* Release */ = {
			isa = XCBuildConfiguration;
			buildSettings = {
				ALWAYS_EMBED_SWIFT_STANDARD_LIBRARIES = YES;
				CODE_SIGN_STYLE = Automatic;
				INFOPLIST_FILE = InstagramCloneUITests/Info.plist;
				LD_RUNPATH_SEARCH_PATHS = "$(inherited) @executable_path/Frameworks @loader_path/Frameworks";
				PRODUCT_BUNDLE_IDENTIFIER = com.MikeMonthei.InstagramCloneUITests;
				PRODUCT_NAME = "$(TARGET_NAME)";
				SWIFT_VERSION = 4.0;
				TARGETED_DEVICE_FAMILY = "1,2";
				TEST_TARGET_NAME = InstagramClone;
			};
			name = Release;
		};
/* End XCBuildConfiguration section */

/* Begin XCConfigurationList section */
		0A2AB9EE20181D2900A2D29E /* Build configuration list for PBXProject "InstagramClone" */ = {
			isa = XCConfigurationList;
			buildConfigurations = (
				0A2ABA1920181D2900A2D29E /* Debug */,
				0A2ABA1A20181D2900A2D29E /* Release */,
			);
			defaultConfigurationIsVisible = 0;
			defaultConfigurationName = Release;
		};
		0A2ABA1B20181D2900A2D29E /* Build configuration list for PBXNativeTarget "InstagramClone" */ = {
			isa = XCConfigurationList;
			buildConfigurations = (
				0A2ABA1C20181D2900A2D29E /* Debug */,
				0A2ABA1D20181D2900A2D29E /* Release */,
			);
			defaultConfigurationIsVisible = 0;
			defaultConfigurationName = Release;
		};
		0A2ABA1E20181D2900A2D29E /* Build configuration list for PBXNativeTarget "InstagramCloneTests" */ = {
			isa = XCConfigurationList;
			buildConfigurations = (
				0A2ABA1F20181D2900A2D29E /* Debug */,
				0A2ABA2020181D2900A2D29E /* Release */,
			);
			defaultConfigurationIsVisible = 0;
			defaultConfigurationName = Release;
		};
		0A2ABA2120181D2900A2D29E /* Build configuration list for PBXNativeTarget "InstagramCloneUITests" */ = {
			isa = XCConfigurationList;
			buildConfigurations = (
				0A2ABA2220181D2900A2D29E /* Debug */,
				0A2ABA2320181D2900A2D29E /* Release */,
			);
			defaultConfigurationIsVisible = 0;
			defaultConfigurationName = Release;
		};
/* End XCConfigurationList section */
	};
	rootObject = 0A2AB9EB20181D2900A2D29E /* Project object */;
}
